
Microsoft Visual Studio Solution File, Format Version 12.00
# Visual Studio Version 17
VisualStudioVersion = 17.8.34525.116
MinimumVisualStudioVersion = 10.0.40219.1
Project("{FAE04EC0-301F-11D3-BF4B-00C04F79EFBC}") = "FirstMobileApp.Android", "FirstMobileApp\FirstMobileApp.Android\FirstMobileApp.Android.csproj", "{B3A4384A-2249-4E50-AE20-296081D07C15}"
EndProject
Project("{FAE04EC0-301F-11D3-BF4B-00C04F79EFBC}") = "FirstMobileApp.iOS", "FirstMobileApp\FirstMobileApp.iOS\FirstMobileApp.iOS.csproj", "{D8C36868-D656-4120-8B55-3F69B400C302}"
EndProject
Project("{9A19103F-16F7-4668-BE54-9A1E7A4F7556}") = "FirstMobileApp", "FirstMobileApp\FirstMobileApp\FirstMobileApp.csproj", "{07ED9913-C7AE-4326-BB99-C7662F0E2EBC}"
EndProject
Project("{FAE04EC0-301F-11D3-BF4B-00C04F79EFBC}") = "CalUTest", "CalUTest\CalUTest.csproj", "{E414F549-E3BE-4433-B517-37E1A6E36B46}"
EndProject
Global
	GlobalSection(SolutionConfigurationPlatforms) = preSolution
		Debug|Any CPU = Debug|Any CPU
		Debug|iPhone = Debug|iPhone
		Debug|iPhoneSimulator = Debug|iPhoneSimulator
		Release|Any CPU = Release|Any CPU
		Release|iPhone = Release|iPhone
		Release|iPhoneSimulator = Release|iPhoneSimulator
	EndGlobalSection
	GlobalSection(ProjectConfigurationPlatforms) = postSolution
		{B3A4384A-2249-4E50-AE20-296081D07C15}.Debug|Any CPU.ActiveCfg = Debug|Any CPU
		{B3A4384A-2249-4E50-AE20-296081D07C15}.Debug|Any CPU.Build.0 = Debug|Any CPU
		{B3A4384A-2249-4E50-AE20-296081D07C15}.Debug|Any CPU.Deploy.0 = Debug|Any CPU
		{B3A4384A-2249-4E50-AE20-296081D07C15}.Debug|iPhone.ActiveCfg = Debug|Any CPU
		{B3A4384A-2249-4E50-AE20-296081D07C15}.Debug|iPhone.Build.0 = Debug|Any CPU
		{B3A4384A-2249-4E50-AE20-296081D07C15}.Debug|iPhone.Deploy.0 = Debug|Any CPU
		{B3A4384A-2249-4E50-AE20-296081D07C15}.Debug|iPhoneSimulator.ActiveCfg = Debug|Any CPU
		{B3A4384A-2249-4E50-AE20-296081D07C15}.Debug|iPhoneSimulator.Build.0 = Debug|Any CPU
		{B3A4384A-2249-4E50-AE20-296081D07C15}.Debug|iPhoneSimulator.Deploy.0 = Debug|Any CPU
		{B3A4384A-2249-4E50-AE20-296081D07C15}.Release|Any CPU.ActiveCfg = Release|Any CPU
		{B3A4384A-2249-4E50-AE20-296081D07C15}.Release|Any CPU.Build.0 = Release|Any CPU
		{B3A4384A-2249-4E50-AE20-296081D07C15}.Release|Any CPU.Deploy.0 = Release|Any CPU
		{B3A4384A-2249-4E50-AE20-296081D07C15}.Release|iPhone.ActiveCfg = Release|Any CPU
		{B3A4384A-2249-4E50-AE20-296081D07C15}.Release|iPhone.Build.0 = Release|Any CPU
		{B3A4384A-2249-4E50-AE20-296081D07C15}.Release|iPhone.Deploy.0 = Release|Any CPU
		{B3A4384A-2249-4E50-AE20-296081D07C15}.Release|iPhoneSimulator.ActiveCfg = Release|Any CPU
		{B3A4384A-2249-4E50-AE20-296081D07C15}.Release|iPhoneSimulator.Build.0 = Release|Any CPU
		{B3A4384A-2249-4E50-AE20-296081D07C15}.Release|iPhoneSimulator.Deploy.0 = Release|Any CPU
		{D8C36868-D656-4120-8B55-3F69B400C302}.Debug|Any CPU.ActiveCfg = Debug|iPhone
		{D8C36868-D656-4120-8B55-3F69B400C302}.Debug|Any CPU.Build.0 = Debug|iPhone
		{D8C36868-D656-4120-8B55-3F69B400C302}.Debug|Any CPU.Deploy.0 = Debug|iPhone
		{D8C36868-D656-4120-8B55-3F69B400C302}.Debug|iPhone.ActiveCfg = Debug|iPhone
		{D8C36868-D656-4120-8B55-3F69B400C302}.Debug|iPhone.Build.0 = Debug|iPhone
		{D8C36868-D656-4120-8B55-3F69B400C302}.Debug|iPhone.Deploy.0 = Debug|iPhone
		{D8C36868-D656-4120-8B55-3F69B400C302}.Debug|iPhoneSimulator.ActiveCfg = Debug|iPhoneSimulator
		{D8C36868-D656-4120-8B55-3F69B400C302}.Debug|iPhoneSimulator.Build.0 = Debug|iPhoneSimulator
		{D8C36868-D656-4120-8B55-3F69B400C302}.Debug|iPhoneSimulator.Deploy.0 = Debug|iPhoneSimulator
		{D8C36868-D656-4120-8B55-3F69B400C302}.Release|Any CPU.ActiveCfg = Release|iPhoneSimulator
		{D8C36868-D656-4120-8B55-3F69B400C302}.Release|Any CPU.Build.0 = Release|iPhoneSimulator
		{D8C36868-D656-4120-8B55-3F69B400C302}.Release|Any CPU.Deploy.0 = Release|iPhoneSimulator
		{D8C36868-D656-4120-8B55-3F69B400C302}.Release|iPhone.ActiveCfg = Release|iPhone
		{D8C36868-D656-4120-8B55-3F69B400C302}.Release|iPhone.Build.0 = Release|iPhone
		{D8C36868-D656-4120-8B55-3F69B400C302}.Release|iPhone.Deploy.0 = Release|iPhone
		{D8C36868-D656-4120-8B55-3F69B400C302}.Release|iPhoneSimulator.ActiveCfg = Release|iPhoneSimulator
		{D8C36868-D656-4120-8B55-3F69B400C302}.Release|iPhoneSimulator.Build.0 = Release|iPhoneSimulator
		{D8C36868-D656-4120-8B55-3F69B400C302}.Release|iPhoneSimulator.Deploy.0 = Release|iPhoneSimulator
		{07ED9913-C7AE-4326-BB99-C7662F0E2EBC}.Debug|Any CPU.ActiveCfg = Debug|Any CPU
		{07ED9913-C7AE-4326-BB99-C7662F0E2EBC}.Debug|Any CPU.Build.0 = Debug|Any CPU
		{07ED9913-C7AE-4326-BB99-C7662F0E2EBC}.Debug|Any CPU.Deploy.0 = Debug|Any CPU
		{07ED9913-C7AE-4326-BB99-C7662F0E2EBC}.Debug|iPhone.ActiveCfg = Debug|Any CPU
		{07ED9913-C7AE-4326-BB99-C7662F0E2EBC}.Debug|iPhone.Build.0 = Debug|Any CPU
		{07ED9913-C7AE-4326-BB99-C7662F0E2EBC}.Debug|iPhone.Deploy.0 = Debug|Any CPU
		{07ED9913-C7AE-4326-BB99-C7662F0E2EBC}.Debug|iPhoneSimulator.ActiveCfg = Debug|Any CPU
		{07ED9913-C7AE-4326-BB99-C7662F0E2EBC}.Debug|iPhoneSimulator.Build.0 = Debug|Any CPU
		{07ED9913-C7AE-4326-BB99-C7662F0E2EBC}.Debug|iPhoneSimulator.Deploy.0 = Debug|Any CPU
		{07ED9913-C7AE-4326-BB99-C7662F0E2EBC}.Release|Any CPU.ActiveCfg = Release|Any CPU
		{07ED9913-C7AE-4326-BB99-C7662F0E2EBC}.Release|Any CPU.Build.0 = Release|Any CPU
		{07ED9913-C7AE-4326-BB99-C7662F0E2EBC}.Release|Any CPU.Deploy.0 = Release|Any CPU
		{07ED9913-C7AE-4326-BB99-C7662F0E2EBC}.Release|iPhone.ActiveCfg = Release|Any CPU
		{07ED9913-C7AE-4326-BB99-C7662F0E2EBC}.Release|iPhone.Build.0 = Release|Any CPU
		{07ED9913-C7AE-4326-BB99-C7662F0E2EBC}.Release|iPhone.Deploy.0 = Release|Any CPU
		{07ED9913-C7AE-4326-BB99-C7662F0E2EBC}.Release|iPhoneSimulator.ActiveCfg = Release|Any CPU
		{07ED9913-C7AE-4326-BB99-C7662F0E2EBC}.Release|iPhoneSimulator.Build.0 = Release|Any CPU
		{07ED9913-C7AE-4326-BB99-C7662F0E2EBC}.Release|iPhoneSimulator.Deploy.0 = Release|Any CPU
		{E414F549-E3BE-4433-B517-37E1A6E36B46}.Debug|Any CPU.ActiveCfg = Debug|Any CPU
		{E414F549-E3BE-4433-B517-37E1A6E36B46}.Debug|Any CPU.Build.0 = Debug|Any CPU
		{E414F549-E3BE-4433-B517-37E1A6E36B46}.Debug|iPhone.ActiveCfg = Debug|Any CPU
		{E414F549-E3BE-4433-B517-37E1A6E36B46}.Debug|iPhone.Build.0 = Debug|Any CPU
		{E414F549-E3BE-4433-B517-37E1A6E36B46}.Debug|iPhoneSimulator.ActiveCfg = Debug|Any CPU
		{E414F549-E3BE-4433-B517-37E1A6E36B46}.Debug|iPhoneSimulator.Build.0 = Debug|Any CPU
		{E414F549-E3BE-4433-B517-37E1A6E36B46}.Release|Any CPU.ActiveCfg = Release|Any CPU
		{E414F549-E3BE-4433-B517-37E1A6E36B46}.Release|Any CPU.Build.0 = Release|Any CPU
		{E414F549-E3BE-4433-B517-37E1A6E36B46}.Release|iPhone.ActiveCfg = Release|Any CPU
		{E414F549-E3BE-4433-B517-37E1A6E36B46}.Release|iPhone.Build.0 = Release|Any CPU
		{E414F549-E3BE-4433-B517-37E1A6E36B46}.Release|iPhoneSimulator.ActiveCfg = Release|Any CPU
		{E414F549-E3BE-4433-B517-37E1A6E36B46}.Release|iPhoneSimulator.Build.0 = Release|Any CPU
	EndGlobalSection
	GlobalSection(SolutionProperties) = preSolution
		HideSolutionNode = FALSE
	EndGlobalSection
	GlobalSection(ExtensibilityGlobals) = postSolution
		SolutionGuid = {67C095DC-B90F-4291-A8A4-EDA411FA5593}
	EndGlobalSection
EndGlobal
